// !$*UTF8*$!
{
	archiveVersion = 1;
	classes = {
	};
	objectVersion = 50;
	objects = {

/* Begin PBXBuildFile section */
		E77A4B07255E6BF500C28371 /* AppDelegate.m in Sources */ = {isa = PBXBuildFile; fileRef = E77A4B06255E6BF500C28371 /* AppDelegate.m */; };
		E77A4B0A255E6BF500C28371 /* SceneDelegate.m in Sources */ = {isa = PBXBuildFile; fileRef = E77A4B09255E6BF500C28371 /* SceneDelegate.m */; };
		E77A4B0D255E6BF500C28371 /* ViewController.m in Sources */ = {isa = PBXBuildFile; fileRef = E77A4B0C255E6BF500C28371 /* ViewController.m */; };
		E77A4B10255E6BF500C28371 /* Main.storyboard in Resources */ = {isa = PBXBuildFile; fileRef = E77A4B0E255E6BF500C28371 /* Main.storyboard */; };
		E77A4B12255E6BF700C28371 /* Assets.xcassets in Resources */ = {isa = PBXBuildFile; fileRef = E77A4B11255E6BF700C28371 /* Assets.xcassets */; };
		E77A4B15255E6BF700C28371 /* LaunchScreen.storyboard in Resources */ = {isa = PBXBuildFile; fileRef = E77A4B13255E6BF700C28371 /* LaunchScreen.storyboard */; };
		E77A4B18255E6BF700C28371 /* main.m in Sources */ = {isa = PBXBuildFile; fileRef = E77A4B17255E6BF700C28371 /* main.m */; };
		E77A4B26255E76A900C28371 /* pdf3.pdf in Resources */ = {isa = PBXBuildFile; fileRef = E77A4B23255E76A900C28371 /* pdf3.pdf */; };
		E77A4B27255E76A900C28371 /* pdf2.pdf in Resources */ = {isa = PBXBuildFile; fileRef = E77A4B24255E76A900C28371 /* pdf2.pdf */; };
		E77A4B28255E76A900C28371 /* pdf1.pdf in Resources */ = {isa = PBXBuildFile; fileRef = E77A4B25255E76A900C28371 /* pdf1.pdf */; };
		E77A4B2D255E79A800C28371 /* 111.png in Resources */ = {isa = PBXBuildFile; fileRef = E77A4B2B255E79A800C28371 /* 111.png */; };
		E77A4B2E255E79A800C28371 /* background.png in Resources */ = {isa = PBXBuildFile; fileRef = E77A4B2C255E79A800C28371 /* background.png */; };
		E77A4B33255E82F700C28371 /* 222.docx in Resources */ = {isa = PBXBuildFile; fileRef = E77A4B32255E82F700C28371 /* 222.docx */; };
		E77A4B38255E899C00C28371 /* WebViewController.m in Sources */ = {isa = PBXBuildFile; fileRef = E77A4B37255E899C00C28371 /* WebViewController.m */; };
/* End PBXBuildFile section */

/* Begin PBXFileReference section */
		E77A4B02255E6BF500C28371 /* AirPrint.app */ = {isa = PBXFileReference; explicitFileType = wrapper.application; includeInIndex = 0; path = AirPrint.app; sourceTree = BUILT_PRODUCTS_DIR; };
		E77A4B05255E6BF500C28371 /* AppDelegate.h */ = {isa = PBXFileReference; lastKnownFileType = sourcecode.c.h; path = AppDelegate.h; sourceTree = "<group>"; };
		E77A4B06255E6BF500C28371 /* AppDelegate.m */ = {isa = PBXFileReference; lastKnownFileType = sourcecode.c.objc; path = AppDelegate.m; sourceTree = "<group>"; };
		E77A4B08255E6BF500C28371 /* SceneDelegate.h */ = {isa = PBXFileReference; lastKnownFileType = sourcecode.c.h; path = SceneDelegate.h; sourceTree = "<group>"; };
		E77A4B09255E6BF500C28371 /* SceneDelegate.m */ = {isa = PBXFileReference; lastKnownFileType = sourcecode.c.objc; path = SceneDelegate.m; sourceTree = "<group>"; };
		E77A4B0B255E6BF500C28371 /* ViewController.h */ = {isa = PBXFileReference; lastKnownFileType = sourcecode.c.h; path = ViewController.h; sourceTree = "<group>"; };
		E77A4B0C255E6BF500C28371 /* ViewController.m */ = {isa = PBXFileReference; lastKnownFileType = sourcecode.c.objc; path = ViewController.m; sourceTree = "<group>"; };
		E77A4B0F255E6BF500C28371 /* Base */ = {isa = PBXFileReference; lastKnownFileType = file.storyboard; name = Base; path = Base.lproj/Main.storyboard; sourceTree = "<group>"; };
		E77A4B11255E6BF700C28371 /* Assets.xcassets */ = {isa = PBXFileReference; lastKnownFileType = folder.assetcatalog; path = Assets.xcassets; sourceTree = "<group>"; };
		E77A4B14255E6BF700C28371 /* Base */ = {isa = PBXFileReference; lastKnownFileType = file.storyboard; name = Base; path = Base.lproj/LaunchScreen.storyboard; sourceTree = "<group>"; };
		E77A4B16255E6BF700C28371 /* Info.plist */ = {isa = PBXFileReference; lastKnownFileType = text.plist.xml; path = Info.plist; sourceTree = "<group>"; };
		E77A4B17255E6BF700C28371 /* main.m */ = {isa = PBXFileReference; lastKnownFileType = sourcecode.c.objc; path = main.m; sourceTree = "<group>"; };
		E77A4B23255E76A900C28371 /* pdf3.pdf */ = {isa = PBXFileReference; lastKnownFileType = image.pdf; path = pdf3.pdf; sourceTree = "<group>"; };
		E77A4B24255E76A900C28371 /* pdf2.pdf */ = {isa = PBXFileReference; lastKnownFileType = image.pdf; path = pdf2.pdf; sourceTree = "<group>"; };
		E77A4B25255E76A900C28371 /* pdf1.pdf */ = {isa = PBXFileReference; lastKnownFileType = image.pdf; path = pdf1.pdf; sourceTree = "<group>"; };
		E77A4B2B255E79A800C28371 /* 111.png */ = {isa = PBXFileReference; lastKnownFileType = image.png; path = 111.png; sourceTree = "<group>"; };
		E77A4B2C255E79A800C28371 /* background.png */ = {isa = PBXFileReference; lastKnownFileType = image.png; path = background.png; sourceTree = "<group>"; };
		E77A4B32255E82F700C28371 /* 222.docx */ = {isa = PBXFileReference; lastKnownFileType = file; path = 222.docx; sourceTree = "<group>"; };
		E77A4B36255E899C00C28371 /* WebViewController.h */ = {isa = PBXFileReference; lastKnownFileType = sourcecode.c.h; path = WebViewController.h; sourceTree = "<group>"; };
		E77A4B37255E899C00C28371 /* WebViewController.m */ = {isa = PBXFileReference; lastKnownFileType = sourcecode.c.objc; path = WebViewController.m; sourceTree = "<group>"; };
/* End PBXFileReference section */

/* Begin PBXFrameworksBuildPhase section */
		E77A4AFF255E6BF500C28371 /* Frameworks */ = {
			isa = PBXFrameworksBuildPhase;
			buildActionMask = 2147483647;
			files = (
			);
			runOnlyForDeploymentPostprocessing = 0;
		};
/* End PBXFrameworksBuildPhase section */

/* Begin PBXGroup section */
		E77A4AF9255E6BF500C28371 = {
			isa = PBXGroup;
			children = (
				E77A4B04255E6BF500C28371 /* AirPrint */,
				E77A4B03255E6BF500C28371 /* Products */,
			);
			sourceTree = "<group>";
		};
		E77A4B03255E6BF500C28371 /* Products */ = {
			isa = PBXGroup;
			children = (
				E77A4B02255E6BF500C28371 /* AirPrint.app */,
			);
			name = Products;
			sourceTree = "<group>";
		};
		E77A4B04255E6BF500C28371 /* AirPrint */ = {
			isa = PBXGroup;
			children = (
				E77A4B05255E6BF500C28371 /* AppDelegate.h */,
				E77A4B06255E6BF500C28371 /* AppDelegate.m */,
				E77A4B08255E6BF500C28371 /* SceneDelegate.h */,
				E77A4B09255E6BF500C28371 /* SceneDelegate.m */,
				E77A4B0B255E6BF500C28371 /* ViewController.h */,
				E77A4B0C255E6BF500C28371 /* ViewController.m */,
				E77A4B36255E899C00C28371 /* WebViewController.h */,
				E77A4B37255E899C00C28371 /* WebViewController.m */,
				E77A4B32255E82F700C28371 /* 222.docx */,
				E77A4B25255E76A900C28371 /* pdf1.pdf */,
				E77A4B24255E76A900C28371 /* pdf2.pdf */,
				E77A4B23255E76A900C28371 /* pdf3.pdf */,
				E77A4B2B255E79A800C28371 /* 111.png */,
				E77A4B2C255E79A800C28371 /* background.png */,
				E77A4B0E255E6BF500C28371 /* Main.storyboard */,
				E77A4B11255E6BF700C28371 /* Assets.xcassets */,
				E77A4B13255E6BF700C28371 /* LaunchScreen.storyboard */,
				E77A4B16255E6BF700C28371 /* Info.plist */,
				E77A4B17255E6BF700C28371 /* main.m */,
			);
			path = AirPrint;
			sourceTree = "<group>";
		};
/* End PBXGroup section */

/* Begin PBXNativeTarget section */
		E77A4B01255E6BF500C28371 /* AirPrint */ = {
			isa = PBXNativeTarget;
			buildConfigurationList = E77A4B1B255E6BF700C28371 /* Build configuration list for PBXNativeTarget "AirPrint" */;
			buildPhases = (
				E77A4AFE255E6BF500C28371 /* Sources */,
				E77A4AFF255E6BF500C28371 /* Frameworks */,
				E77A4B00255E6BF500C28371 /* Resources */,
			);
			buildRules = (
			);
			dependencies = (
			);
			name = AirPrint;
			productName = AirPrint;
			productReference = E77A4B02255E6BF500C28371 /* AirPrint.app */;
			productType = "com.apple.product-type.application";
		};
/* End PBXNativeTarget section */

/* Begin PBXProject section */
		E77A4AFA255E6BF500C28371 /* Project object */ = {
			isa = PBXProject;
			attributes = {
				LastUpgradeCheck = 1210;
				TargetAttributes = {
					E77A4B01255E6BF500C28371 = {
						CreatedOnToolsVersion = 12.1;
					};
				};
			};
			buildConfigurationList = E77A4AFD255E6BF500C28371 /* Build configuration list for PBXProject "AirPrint" */;
			compatibilityVersion = "Xcode 9.3";
			developmentRegion = en;
			hasScannedForEncodings = 0;
			knownRegions = (
				en,
				Base,
			);
			mainGroup = E77A4AF9255E6BF500C28371;
			productRefGroup = E77A4B03255E6BF500C28371 /* Products */;
			projectDirPath = "";
			projectRoot = "";
			targets = (
				E77A4B01255E6BF500C28371 /* AirPrint */,
			);
		};
/* End PBXProject section */

/* Begin PBXResourcesBuildPhase section */
		E77A4B00255E6BF500C28371 /* Resources */ = {
			isa = PBXResourcesBuildPhase;
			buildActionMask = 2147483647;
			files = (
				E77A4B33255E82F700C28371 /* 222.docx in Resources */,
				E77A4B15255E6BF700C28371 /* LaunchScreen.storyboard in Resources */,
				E77A4B2E255E79A800C28371 /* background.png in Resources */,
				E77A4B2D255E79A800C28371 /* 111.png in Resources */,
				E77A4B27255E76A900C28371 /* pdf2.pdf in Resources */,
				E77A4B28255E76A900C28371 /* pdf1.pdf in Resources */,
				E77A4B12255E6BF700C28371 /* Assets.xcassets in Resources */,
				E77A4B10255E6BF500C28371 /* Main.storyboard in Resources */,
				E77A4B26255E76A900C28371 /* pdf3.pdf in Resources */,
			);
			runOnlyForDeploymentPostprocessing = 0;
		};
/* End PBXResourcesBuildPhase section */

/* Begin PBXSourcesBuildPhase section */
		E77A4AFE255E6BF500C28371 /* Sources */ = {
			isa = PBXSourcesBuildPhase;
			buildActionMask = 2147483647;
			files = (
				E77A4B0D255E6BF500C28371 /* ViewController.m in Sources */,
				E77A4B38255E899C00C28371 /* WebViewController.m in Sources */,
				E77A4B07255E6BF500C28371 /* AppDelegate.m in Sources */,
				E77A4B18255E6BF700C28371 /* main.m in Sources */,
				E77A4B0A255E6BF500C28371 /* SceneDelegate.m in Sources */,
			);
			runOnlyForDeploymentPostprocessing = 0;
		};
/* End PBXSourcesBuildPhase section */

/* Begin PBXVariantGroup section */
		E77A4B0E255E6BF500C28371 /* Main.storyboard */ = {
			isa = PBXVariantGroup;
			children = (
				E77A4B0F255E6BF500C28371 /* Base */,
			);
			name = Main.storyboard;
			sourceTree = "<group>";
		};
		E77A4B13255E6BF700C28371 /* LaunchScreen.storyboard */ = {
			isa = PBXVariantGroup;
			children = (
				E77A4B14255E6BF700C28371 /* Base */,
			);
			name = LaunchScreen.storyboard;
			sourceTree = "<group>";
		};
/* End PBXVariantGroup section */

/* Begin XCBuildConfiguration section */
		E77A4B19255E6BF700C28371 /* Debug */ = {
			isa = XCBuildConfiguration;
			buildSettings = {
				ALWAYS_SEARCH_USER_PATHS = NO;
				CLANG_ANALYZER_NONNULL = YES;
				CLANG_ANALYZER_NUMBER_OBJECT_CONVERSION = YES_AGGRESSIVE;
				CLANG_CXX_LANGUAGE_STANDARD = "gnu++14";
				CLANG_CXX_LIBRARY = "libc++";
				CLANG_ENABLE_MODULES = YES;
				CLANG_ENABLE_OBJC_ARC = YES;
				CLANG_ENABLE_OBJC_WEAK = YES;
				CLANG_WARN_BLOCK_CAPTURE_AUTORELEASING = YES;
				CLANG_WARN_BOOL_CONVERSION = YES;
				CLANG_WARN_COMMA = YES;
				CLANG_WARN_CONSTANT_CONVERSION = YES;
				CLANG_WARN_DEPRECATED_OBJC_IMPLEMENTATIONS = YES;
				CLANG_WARN_DIRECT_OBJC_ISA_USAGE = YES_ERROR;
				CLANG_WARN_DOCUMENTATION_COMMENTS = YES;
				CLANG_WARN_EMPTY_BODY = YES;
				CLANG_WARN_ENUM_CONVERSION = YES;
				CLANG_WARN_INFINITE_RECURSION = YES;
				CLANG_WARN_INT_CONVERSION = YES;
				CLANG_WARN_NON_LITERAL_NULL_CONVERSION = YES;
				CLANG_WARN_OBJC_IMPLICIT_RETAIN_SELF = YES;
				CLANG_WARN_OBJC_LITERAL_CONVERSION = YES;
				CLANG_WARN_OBJC_ROOT_CLASS = YES_ERROR;
				CLANG_WARN_QUOTED_INCLUDE_IN_FRAMEWORK_HEADER = YES;
				CLANG_WARN_RANGE_LOOP_ANALYSIS = YES;
				CLANG_WARN_STRICT_PROTOTYPES = YES;
				CLANG_WARN_SUSPICIOUS_MOVE = YES;
				CLANG_WARN_UNGUARDED_AVAILABILITY = YES_AGGRESSIVE;
				CLANG_WARN_UNREACHABLE_CODE = YES;
				CLANG_WARN__DUPLICATE_METHOD_MATCH = YES;
				COPY_PHASE_STRIP = NO;
				DEBUG_INFORMATION_FORMAT = dwarf;
				ENABLE_STRICT_OBJC_MSGSEND = YES;
				ENABLE_TESTABILITY = YES;
				GCC_C_LANGUAGE_STANDARD = gnu11;
				GCC_DYNAMIC_NO_PIC = NO;
				GCC_NO_COMMON_BLOCKS = YES;
				GCC_OPTIMIZATION_LEVEL = 0;
				GCC_PREPROCESSOR_DEFINITIONS = (
					"DEBUG=1",
					"$(inherited)",
				);
				GCC_WARN_64_TO_32_BIT_CONVERSION = YES;
				GCC_WARN_ABOUT_RETURN_TYPE = YES_ERROR;
				GCC_WARN_UNDECLARED_SELECTOR = YES;
				GCC_WARN_UNINITIALIZED_AUTOS = YES_AGGRESSIVE;
				GCC_WARN_UNUSED_FUNCTION = YES;
				GCC_WARN_UNUSED_VARIABLE = YES;
				IPHONEOS_DEPLOYMENT_TARGET = 14.1;
				MTL_ENABLE_DEBUG_INFO = INCLUDE_SOURCE;
				MTL_FAST_MATH = YES;
				ONLY_ACTIVE_ARCH = YES;
				SDKROOT = iphoneos;
			};
			name = Debug;
		};
		E77A4B1A255E6BF700C28371 /* Release */ = {
			isa = XCBuildConfiguration;
			buildSettings = {
				ALWAYS_SEARCH_USER_PATHS = NO;
				CLANG_ANALYZER_NONNULL = YES;
				CLANG_ANALYZER_NUMBER_OBJECT_CONVERSION = YES_AGGRESSIVE;
				CLANG_CXX_LANGUAGE_STANDARD = "gnu++14";
				CLANG_CXX_LIBRARY = "libc++";
				CLANG_ENABLE_MODULES = YES;
				CLANG_ENABLE_OBJC_ARC = YES;
				CLANG_ENABLE_OBJC_WEAK = YES;
				CLANG_WARN_BLOCK_CAPTURE_AUTORELEASING = YES;
				CLANG_WARN_BOOL_CONVERSION = YES;
				CLANG_WARN_COMMA = YES;
				CLANG_WARN_CONSTANT_CONVERSION = YES;
				CLANG_WARN_DEPRECATED_OBJC_IMPLEMENTATIONS = YES;
				CLANG_WARN_DIRECT_OBJC_ISA_USAGE = YES_ERROR;
				CLANG_WARN_DOCUMENTATION_COMMENTS = YES;
				CLANG_WARN_EMPTY_BODY = YES;
				CLANG_WARN_ENUM_CONVERSION = YES;
				CLANG_WARN_INFINITE_RECURSION = YES;
				CLANG_WARN_INT_CONVERSION = YES;
				CLANG_WARN_NON_LITERAL_NULL_CONVERSION = YES;
				CLANG_WARN_OBJC_IMPLICIT_RETAIN_SELF = YES;
				CLANG_WARN_OBJC_LITERAL_CONVERSION = YES;
				CLANG_WARN_OBJC_ROOT_CLASS = YES_ERROR;
				CLANG_WARN_QUOTED_INCLUDE_IN_FRAMEWORK_HEADER = YES;
				CLANG_WARN_RANGE_LOOP_ANALYSIS = YES;
				CLANG_WARN_STRICT_PROTOTYPES = YES;
				CLANG_WARN_SUSPICIOUS_MOVE = YES;
				CLANG_WARN_UNGUARDED_AVAILABILITY = YES_AGGRESSIVE;
				CLANG_WARN_UNREACHABLE_CODE = YES;
				CLANG_WARN__DUPLICATE_METHOD_MATCH = YES;
				COPY_PHASE_STRIP = NO;
				DEBUG_INFORMATION_FORMAT = "dwarf-with-dsym";
				ENABLE_NS_ASSERTIONS = NO;
				ENABLE_STRICT_OBJC_MSGSEND = YES;
				GCC_C_LANGUAGE_STANDARD = gnu11;
				GCC_NO_COMMON_BLOCKS = YES;
				GCC_WARN_64_TO_32_BIT_CONVERSION = YES;
				GCC_WARN_ABOUT_RETURN_TYPE = YES_ERROR;
				GCC_WARN_UNDECLARED_SELECTOR = YES;
				GCC_WARN_UNINITIALIZED_AUTOS = YES_AGGRESSIVE;
				GCC_WARN_UNUSED_FUNCTION = YES;
				GCC_WARN_UNUSED_VARIABLE = YES;
				IPHONEOS_DEPLOYMENT_TARGET = 14.1;
				MTL_ENABLE_DEBUG_INFO = NO;
				MTL_FAST_MATH = YES;
				SDKROOT = iphoneos;
				VALIDATE_PRODUCT = YES;
			};
			name = Release;
		};
		E77A4B1C255E6BF700C28371 /* Debug */ = {
			isa = XCBuildConfiguration;
			buildSettings = {
				ASSETCATALOG_COMPILER_APPICON_NAME = AppIcon;
				ASSETCATALOG_COMPILER_GLOBAL_ACCENT_COLOR_NAME = AccentColor;
				CODE_SIGN_STYLE = Automatic;
				DEVELOPMENT_TEAM = KCXSK3HU9Q;
				INFOPLIST_FILE = AirPrint/Info.plist;
				LD_RUNPATH_SEARCH_PATHS = (
					"$(inherited)",
					"@executable_path/Frameworks",
				);
				PRODUCT_BUNDLE_IDENTIFIER = alan.AirPrint;
				PRODUCT_NAME = "$(TARGET_NAME)";
				TARGETED_DEVICE_FAMILY = "1,2";
			};
			name = Debug;
		};
		E77A4B1D255E6BF700C28371 /* Release */ = {
			isa = XCBuildConfiguration;
			buildSettings = {
				ASSETCATALOG_COMPILER_APPICON_NAME = AppIcon;
				ASSETCATALOG_COMPILER_GLOBAL_ACCENT_COLOR_NAME = AccentColor;
				CODE_SIGN_STYLE = Automatic;
				DEVELOPMENT_TEAM = KCXSK3HU9Q;
				INFOPLIST_FILE = AirPrint/Info.plist;
				LD_RUNPATH_SEARCH_PATHS = (
					"$(inherited)",
					"@executable_path/Frameworks",
				);
				PRODUCT_BUNDLE_IDENTIFIER = alan.AirPrint;
				PRODUCT_NAME = "$(TARGET_NAME)";
				TARGETED_DEVICE_FAMILY = "1,2";
			};
			name = Release;
		};
/* End XCBuildConfiguration section */

/* Begin XCConfigurationList section */
		E77A4AFD255E6BF500C28371 /* Build configuration list for PBXProject "AirPrint" */ = {
			isa = XCConfigurationList;
			buildConfigurations = (
				E77A4B19255E6BF700C28371 /* Debug */,
				E77A4B1A255E6BF700C28371 /* Release */,
			);
			defaultConfigurationIsVisible = 0;
			defaultConfigurationName = Release;
		};
		E77A4B1B255E6BF700C28371 /* Build configuration list for PBXNativeTarget "AirPrint" */ = {
			isa = XCConfigurationList;
			buildConfigurations = (
				E77A4B1C255E6BF700C28371 /* Debug */,
				E77A4B1D255E6BF700C28371 /* Release */,
			);
			defaultConfigurationIsVisible = 0;
			defaultConfigurationName = Release;
		};
/* End XCConfigurationList section */
	};
	rootObject = E77A4AFA255E6BF500C28371 /* Project object */;
}
